
Microsoft Visual Studio Solution File, Format Version 12.00
# Visual Studio Version 16
VisualStudioVersion = 16.0.31515.178
MinimumVisualStudioVersion = 10.0.40219.1
Project("{FAE04EC0-301F-11D3-BF4B-00C04F79EFBC}") = "ExercicioOrientacaoObjeto", "ExercicioOrientacaoObjeto\ExercicioOrientacaoObjeto.csproj", "{8E9FF5C6-4A37-4B2C-B916-92B32AB95FDD}"
EndProject
Global
	GlobalSection(SolutionConfigurationPlatforms) = preSolution
		Debug|Any CPU = Debug|Any CPU
		Release|Any CPU = Release|Any CPU
	EndGlobalSection
	GlobalSection(ProjectConfigurationPlatforms) = postSolution
		{8E9FF5C6-4A37-4B2C-B916-92B32AB95FDD}.Debug|Any CPU.ActiveCfg = Debug|Any CPU
		{8E9FF5C6-4A37-4B2C-B916-92B32AB95FDD}.Debug|Any CPU.Build.0 = Debug|Any CPU
		{8E9FF5C6-4A37-4B2C-B916-92B32AB95FDD}.Release|Any CPU.ActiveCfg = Release|Any CPU
		{8E9FF5C6-4A37-4B2C-B916-92B32AB95FDD}.Release|Any CPU.Build.0 = Release|Any CPU
	EndGlobalSection
	GlobalSection(SolutionProperties) = preSolution
		HideSolutionNode = FALSE
	EndGlobalSection
	GlobalSection(ExtensibilityGlobals) = postSolution
		SolutionGuid = {146FA0AD-5FCF-4E25-B041-75A408BAF3DC}
	EndGlobalSection
EndGlobal
